# This file is automatically @generated by Cargo.
# It is not intended for manual editing.
version = 3

[[package]]
name = "peridio-cli"
version = "0.1.0"
dependencies = [
 "peridio-sdk",
]

[[package]]
name = "peridio-sdk"
version = "0.1.0"
source = "git+ssh://git@github.com/peridio/reishi.git?branch=main#02fba15ba36c7f76857206e6f560ca748a965673"
